
Microsoft Visual Studio Solution File, Format Version 12.00
# Visual Studio 15
VisualStudioVersion = 15.0.28307.421
MinimumVisualStudioVersion = 10.0.40219.1
Project("{FAE04EC0-301F-11D3-BF4B-00C04F79EFBC}") = "Practise06_04", "Practise06_04\Practise06_04.csproj", "{9834F3BB-2E70-4B68-BF57-F019765388F6}"
EndProject
Global
	GlobalSection(SolutionConfigurationPlatforms) = preSolution
		Debug|Any CPU = Debug|Any CPU
		Release|Any CPU = Release|Any CPU
	EndGlobalSection
	GlobalSection(ProjectConfigurationPlatforms) = postSolution
		{9834F3BB-2E70-4B68-BF57-F019765388F6}.Debug|Any CPU.ActiveCfg = Debug|Any CPU
		{9834F3BB-2E70-4B68-BF57-F019765388F6}.Debug|Any CPU.Build.0 = Debug|Any CPU
		{9834F3BB-2E70-4B68-BF57-F019765388F6}.Release|Any CPU.ActiveCfg = Release|Any CPU
		{9834F3BB-2E70-4B68-BF57-F019765388F6}.Release|Any CPU.Build.0 = Release|Any CPU
	EndGlobalSection
	GlobalSection(SolutionProperties) = preSolution
		HideSolutionNode = FALSE
	EndGlobalSection
	GlobalSection(ExtensibilityGlobals) = postSolution
		SolutionGuid = {0F358650-1BA3-400D-AD94-45502BAA372E}
	EndGlobalSection
EndGlobal
